// !$*UTF8*$!
{
	archiveVersion = 1;
	classes = {
	};
	objectVersion = 56;
	objects = {

/* Begin PBXBuildFile section */
		770DEDD02B6FE3EE00935E90 /* String + DateExt.swift in Sources */ = {isa = PBXBuildFile; fileRef = 770DEDCF2B6FE3EE00935E90 /* String + DateExt.swift */; };
		770DEDD22B6FF0BA00935E90 /* FavoriteMovieTVC.swift in Sources */ = {isa = PBXBuildFile; fileRef = 770DEDD12B6FF0BA00935E90 /* FavoriteMovieTVC.swift */; };
		770DEDD42B7004C700935E90 /* RealmDBService.swift in Sources */ = {isa = PBXBuildFile; fileRef = 770DEDD32B7004C700935E90 /* RealmDBService.swift */; };
		770DEDD62B70051B00935E90 /* FavoriteViewModel.swift in Sources */ = {isa = PBXBuildFile; fileRef = 770DEDD52B70051B00935E90 /* FavoriteViewModel.swift */; };
		770DEDD82B700E1C00935E90 /* Haptic.swift in Sources */ = {isa = PBXBuildFile; fileRef = 770DEDD72B700E1C00935E90 /* Haptic.swift */; };
		7711FC592B710CF300C70E8A /* FavoriteMovieDetailsVC.swift in Sources */ = {isa = PBXBuildFile; fileRef = 7711FC582B710CF300C70E8A /* FavoriteMovieDetailsVC.swift */; };
		7711FC5C2B710F9800C70E8A /* FavoriteDetailsTVC.swift in Sources */ = {isa = PBXBuildFile; fileRef = 7711FC5B2B710F9800C70E8A /* FavoriteDetailsTVC.swift */; };
		7722B75D2B6D9803006F4CB0 /* NavigationTabBarController.swift in Sources */ = {isa = PBXBuildFile; fileRef = 7722B75C2B6D9803006F4CB0 /* NavigationTabBarController.swift */; };
		7722B75F2B6D989A006F4CB0 /* Tabs.swift in Sources */ = {isa = PBXBuildFile; fileRef = 7722B75E2B6D989A006F4CB0 /* Tabs.swift */; };
		773549372B6E75BE00EBA1C2 /* MovieModel.swift in Sources */ = {isa = PBXBuildFile; fileRef = 773549362B6E75BE00EBA1C2 /* MovieModel.swift */; };
		773549392B6E763F00EBA1C2 /* NetList.swift in Sources */ = {isa = PBXBuildFile; fileRef = 773549382B6E763F00EBA1C2 /* NetList.swift */; };
		7735493B2B6E85D200EBA1C2 /* GenreModel.swift in Sources */ = {isa = PBXBuildFile; fileRef = 7735493A2B6E85D200EBA1C2 /* GenreModel.swift */; };
		7735493E2B6EAD2700EBA1C2 /* MoviesListViewModel.swift in Sources */ = {isa = PBXBuildFile; fileRef = 7735493D2B6EAD2700EBA1C2 /* MoviesListViewModel.swift */; };
		773549402B6EC13700EBA1C2 /* MovieDetailsVC.swift in Sources */ = {isa = PBXBuildFile; fileRef = 7735493F2B6EC13700EBA1C2 /* MovieDetailsVC.swift */; };
		77515D0E2B6DBB5F00447E3C /* D.swift in Sources */ = {isa = PBXBuildFile; fileRef = 77515D0D2B6DBB5F00447E3C /* D.swift */; };
		77515D122B6DC11A00447E3C /* FavoritesVC.swift in Sources */ = {isa = PBXBuildFile; fileRef = 77515D112B6DC11A00447E3C /* FavoritesVC.swift */; };
		77515D142B6DC1F000447E3C /* NavigationBarController.swift in Sources */ = {isa = PBXBuildFile; fileRef = 77515D132B6DC1F000447E3C /* NavigationBarController.swift */; };
		776AE5502B6D852200D7FCF1 /* AppDelegate.swift in Sources */ = {isa = PBXBuildFile; fileRef = 776AE54F2B6D852200D7FCF1 /* AppDelegate.swift */; };
		776AE5522B6D852200D7FCF1 /* SceneDelegate.swift in Sources */ = {isa = PBXBuildFile; fileRef = 776AE5512B6D852200D7FCF1 /* SceneDelegate.swift */; };
		776AE5592B6D852600D7FCF1 /* Assets.xcassets in Resources */ = {isa = PBXBuildFile; fileRef = 776AE5582B6D852600D7FCF1 /* Assets.xcassets */; };
		776AE55C2B6D852600D7FCF1 /* LaunchScreen.storyboard in Resources */ = {isa = PBXBuildFile; fileRef = 776AE55A2B6D852600D7FCF1 /* LaunchScreen.storyboard */; };
		776AE5672B6D86FD00D7FCF1 /* AnimationVC.swift in Sources */ = {isa = PBXBuildFile; fileRef = 776AE5662B6D86FD00D7FCF1 /* AnimationVC.swift */; };
		77700EC02B6D8B8F00574BCD /* VCChanger.swift in Sources */ = {isa = PBXBuildFile; fileRef = 77700EBF2B6D8B8F00574BCD /* VCChanger.swift */; };
		77700EC22B6D8BB900574BCD /* MoviesAnimation.json in Resources */ = {isa = PBXBuildFile; fileRef = 77700EC12B6D8BB900574BCD /* MoviesAnimation.json */; };
		77DCA8AE2B6FA5F0004E3C50 /* DetailsHeaderView.swift in Sources */ = {isa = PBXBuildFile; fileRef = 77DCA8AD2B6FA5F0004E3C50 /* DetailsHeaderView.swift */; };
		77DCA8B32B6FCB96004E3C50 /* DetailsTVC.swift in Sources */ = {isa = PBXBuildFile; fileRef = 77DCA8B22B6FCB96004E3C50 /* DetailsTVC.swift */; };
		77DF480A2B6DCDCC003B93F8 /* NetworkService.swift in Sources */ = {isa = PBXBuildFile; fileRef = 77DF48092B6DCDCC003B93F8 /* NetworkService.swift */; };
		77DF48112B6E4FA5003B93F8 /* MovieCVC.swift in Sources */ = {isa = PBXBuildFile; fileRef = 77DF48102B6E4FA5003B93F8 /* MovieCVC.swift */; };
		77DF48182B6E5864003B93F8 /* ListVC.swift in Sources */ = {isa = PBXBuildFile; fileRef = 77DF48162B6E5864003B93F8 /* ListVC.swift */; };
		77DF48192B6E5864003B93F8 /* ListVC.xib in Resources */ = {isa = PBXBuildFile; fileRef = 77DF48172B6E5864003B93F8 /* ListVC.xib */; };
		77FE2AAC2B715D62000ECA43 /* SnapKit in Frameworks */ = {isa = PBXBuildFile; productRef = 77FE2AAB2B715D62000ECA43 /* SnapKit */; };
		77FE2AAE2B715D62000ECA43 /* SnapKit-Dynamic in Frameworks */ = {isa = PBXBuildFile; productRef = 77FE2AAD2B715D62000ECA43 /* SnapKit-Dynamic */; };
		77FE2AB12B715E4E000ECA43 /* Alamofire in Frameworks */ = {isa = PBXBuildFile; productRef = 77FE2AB02B715E4E000ECA43 /* Alamofire */; };
		77FE2AB42B715F64000ECA43 /* Realm in Frameworks */ = {isa = PBXBuildFile; productRef = 77FE2AB32B715F64000ECA43 /* Realm */; };
		77FE2AB62B715F64000ECA43 /* RealmSwift in Frameworks */ = {isa = PBXBuildFile; productRef = 77FE2AB52B715F64000ECA43 /* RealmSwift */; };
		77FE2AB92B715FA7000ECA43 /* SDWebImage in Frameworks */ = {isa = PBXBuildFile; productRef = 77FE2AB82B715FA7000ECA43 /* SDWebImage */; };
		77FE2ABB2B715FA7000ECA43 /* SDWebImageMapKit in Frameworks */ = {isa = PBXBuildFile; productRef = 77FE2ABA2B715FA7000ECA43 /* SDWebImageMapKit */; };
/* End PBXBuildFile section */

/* Begin PBXFileReference section */
		770DEDCF2B6FE3EE00935E90 /* String + DateExt.swift */ = {isa = PBXFileReference; lastKnownFileType = sourcecode.swift; path = "String + DateExt.swift"; sourceTree = "<group>"; };
		770DEDD12B6FF0BA00935E90 /* FavoriteMovieTVC.swift */ = {isa = PBXFileReference; lastKnownFileType = sourcecode.swift; path = FavoriteMovieTVC.swift; sourceTree = "<group>"; };
		770DEDD32B7004C700935E90 /* RealmDBService.swift */ = {isa = PBXFileReference; lastKnownFileType = sourcecode.swift; path = RealmDBService.swift; sourceTree = "<group>"; };
		770DEDD52B70051B00935E90 /* FavoriteViewModel.swift */ = {isa = PBXFileReference; lastKnownFileType = sourcecode.swift; path = FavoriteViewModel.swift; sourceTree = "<group>"; };
		770DEDD72B700E1C00935E90 /* Haptic.swift */ = {isa = PBXFileReference; lastKnownFileType = sourcecode.swift; path = Haptic.swift; sourceTree = "<group>"; };
		7711FC582B710CF300C70E8A /* FavoriteMovieDetailsVC.swift */ = {isa = PBXFileReference; lastKnownFileType = sourcecode.swift; path = FavoriteMovieDetailsVC.swift; sourceTree = "<group>"; };
		7711FC5B2B710F9800C70E8A /* FavoriteDetailsTVC.swift */ = {isa = PBXFileReference; lastKnownFileType = sourcecode.swift; path = FavoriteDetailsTVC.swift; sourceTree = "<group>"; };
		7722B75C2B6D9803006F4CB0 /* NavigationTabBarController.swift */ = {isa = PBXFileReference; lastKnownFileType = sourcecode.swift; path = NavigationTabBarController.swift; sourceTree = "<group>"; };
		7722B75E2B6D989A006F4CB0 /* Tabs.swift */ = {isa = PBXFileReference; lastKnownFileType = sourcecode.swift; path = Tabs.swift; sourceTree = "<group>"; };
		773549362B6E75BE00EBA1C2 /* MovieModel.swift */ = {isa = PBXFileReference; lastKnownFileType = sourcecode.swift; path = MovieModel.swift; sourceTree = "<group>"; };
		773549382B6E763F00EBA1C2 /* NetList.swift */ = {isa = PBXFileReference; lastKnownFileType = sourcecode.swift; path = NetList.swift; sourceTree = "<group>"; };
		7735493A2B6E85D200EBA1C2 /* GenreModel.swift */ = {isa = PBXFileReference; lastKnownFileType = sourcecode.swift; path = GenreModel.swift; sourceTree = "<group>"; };
		7735493D2B6EAD2700EBA1C2 /* MoviesListViewModel.swift */ = {isa = PBXFileReference; lastKnownFileType = sourcecode.swift; path = MoviesListViewModel.swift; sourceTree = "<group>"; };
		7735493F2B6EC13700EBA1C2 /* MovieDetailsVC.swift */ = {isa = PBXFileReference; lastKnownFileType = sourcecode.swift; path = MovieDetailsVC.swift; sourceTree = "<group>"; };
		77515D0D2B6DBB5F00447E3C /* D.swift */ = {isa = PBXFileReference; lastKnownFileType = sourcecode.swift; path = D.swift; sourceTree = "<group>"; };
		77515D112B6DC11A00447E3C /* FavoritesVC.swift */ = {isa = PBXFileReference; lastKnownFileType = sourcecode.swift; path = FavoritesVC.swift; sourceTree = "<group>"; };
		77515D132B6DC1F000447E3C /* NavigationBarController.swift */ = {isa = PBXFileReference; lastKnownFileType = sourcecode.swift; path = NavigationBarController.swift; sourceTree = "<group>"; };
		776AE54C2B6D852200D7FCF1 /* Movies.app */ = {isa = PBXFileReference; explicitFileType = wrapper.application; includeInIndex = 0; path = Movies.app; sourceTree = BUILT_PRODUCTS_DIR; };
		776AE54F2B6D852200D7FCF1 /* AppDelegate.swift */ = {isa = PBXFileReference; lastKnownFileType = sourcecode.swift; path = AppDelegate.swift; sourceTree = "<group>"; };
		776AE5512B6D852200D7FCF1 /* SceneDelegate.swift */ = {isa = PBXFileReference; lastKnownFileType = sourcecode.swift; path = SceneDelegate.swift; sourceTree = "<group>"; };
		776AE5582B6D852600D7FCF1 /* Assets.xcassets */ = {isa = PBXFileReference; lastKnownFileType = folder.assetcatalog; path = Assets.xcassets; sourceTree = "<group>"; };
		776AE55B2B6D852600D7FCF1 /* Base */ = {isa = PBXFileReference; lastKnownFileType = file.storyboard; name = Base; path = Base.lproj/LaunchScreen.storyboard; sourceTree = "<group>"; };
		776AE55D2B6D852600D7FCF1 /* Info.plist */ = {isa = PBXFileReference; lastKnownFileType = text.plist.xml; path = Info.plist; sourceTree = "<group>"; };
		776AE5662B6D86FD00D7FCF1 /* AnimationVC.swift */ = {isa = PBXFileReference; lastKnownFileType = sourcecode.swift; path = AnimationVC.swift; sourceTree = "<group>"; };
		77700EBF2B6D8B8F00574BCD /* VCChanger.swift */ = {isa = PBXFileReference; lastKnownFileType = sourcecode.swift; path = VCChanger.swift; sourceTree = "<group>"; };
		77700EC12B6D8BB900574BCD /* MoviesAnimation.json */ = {isa = PBXFileReference; fileEncoding = 4; lastKnownFileType = text.json; path = MoviesAnimation.json; sourceTree = "<group>"; };
		77DCA8AD2B6FA5F0004E3C50 /* DetailsHeaderView.swift */ = {isa = PBXFileReference; lastKnownFileType = sourcecode.swift; path = DetailsHeaderView.swift; sourceTree = "<group>"; };
		77DCA8B22B6FCB96004E3C50 /* DetailsTVC.swift */ = {isa = PBXFileReference; lastKnownFileType = sourcecode.swift; path = DetailsTVC.swift; sourceTree = "<group>"; };
		77DF48092B6DCDCC003B93F8 /* NetworkService.swift */ = {isa = PBXFileReference; lastKnownFileType = sourcecode.swift; path = NetworkService.swift; sourceTree = "<group>"; };
		77DF48102B6E4FA5003B93F8 /* MovieCVC.swift */ = {isa = PBXFileReference; lastKnownFileType = sourcecode.swift; path = MovieCVC.swift; sourceTree = "<group>"; };
		77DF48162B6E5864003B93F8 /* ListVC.swift */ = {isa = PBXFileReference; lastKnownFileType = sourcecode.swift; path = ListVC.swift; sourceTree = "<group>"; };
		77DF48172B6E5864003B93F8 /* ListVC.xib */ = {isa = PBXFileReference; lastKnownFileType = file.xib; path = ListVC.xib; sourceTree = "<group>"; };
/* End PBXFileReference section */

/* Begin PBXFrameworksBuildPhase section */
		776AE5492B6D852200D7FCF1 /* Frameworks */ = {
			isa = PBXFrameworksBuildPhase;
			buildActionMask = 2147483647;
			files = (
				77FE2AB92B715FA7000ECA43 /* SDWebImage in Frameworks */,
				77FE2AB12B715E4E000ECA43 /* Alamofire in Frameworks */,
				77FE2AAC2B715D62000ECA43 /* SnapKit in Frameworks */,
				77FE2AB42B715F64000ECA43 /* Realm in Frameworks */,
				77FE2AB62B715F64000ECA43 /* RealmSwift in Frameworks */,
				77FE2ABB2B715FA7000ECA43 /* SDWebImageMapKit in Frameworks */,
				77FE2AAE2B715D62000ECA43 /* SnapKit-Dynamic in Frameworks */,
			);
			runOnlyForDeploymentPostprocessing = 0;
		};
/* End PBXFrameworksBuildPhase section */

/* Begin PBXGroup section */
		770DEDCE2B6FE38A00935E90 /* Extensions */ = {
			isa = PBXGroup;
			children = (
				770DEDCF2B6FE3EE00935E90 /* String + DateExt.swift */,
			);
			path = Extensions;
			sourceTree = "<group>";
		};
		7711FC5A2B710F7C00C70E8A /* Favorite */ = {
			isa = PBXGroup;
			children = (
				770DEDD12B6FF0BA00935E90 /* FavoriteMovieTVC.swift */,
				7711FC5B2B710F9800C70E8A /* FavoriteDetailsTVC.swift */,
			);
			path = Favorite;
			sourceTree = "<group>";
		};
		773549352B6E75AA00EBA1C2 /* Models */ = {
			isa = PBXGroup;
			children = (
				773549362B6E75BE00EBA1C2 /* MovieModel.swift */,
				7735493A2B6E85D200EBA1C2 /* GenreModel.swift */,
			);
			path = Models;
			sourceTree = "<group>";
		};
		7735493C2B6EAB6F00EBA1C2 /* ViewModels */ = {
			isa = PBXGroup;
			children = (
				7735493D2B6EAD2700EBA1C2 /* MoviesListViewModel.swift */,
				770DEDD52B70051B00935E90 /* FavoriteViewModel.swift */,
			);
			path = ViewModels;
			sourceTree = "<group>";
		};
		776AE5432B6D852200D7FCF1 = {
			isa = PBXGroup;
			children = (
				776AE54E2B6D852200D7FCF1 /* Movies */,
				776AE54D2B6D852200D7FCF1 /* Products */,
			);
			sourceTree = "<group>";
		};
		776AE54D2B6D852200D7FCF1 /* Products */ = {
			isa = PBXGroup;
			children = (
				776AE54C2B6D852200D7FCF1 /* Movies.app */,
			);
			name = Products;
			sourceTree = "<group>";
		};
		776AE54E2B6D852200D7FCF1 /* Movies */ = {
			isa = PBXGroup;
			children = (
				776AE5632B6D852C00D7FCF1 /* Application */,
				773549352B6E75AA00EBA1C2 /* Models */,
				77DF480D2B6E4F32003B93F8 /* Views */,
				7735493C2B6EAB6F00EBA1C2 /* ViewModels */,
				776AE5652B6D86E400D7FCF1 /* Controllers */,
				77DF48082B6DCDB2003B93F8 /* Services */,
				77700EBE2B6D8B8000574BCD /* Helpers */,
				770DEDCE2B6FE38A00935E90 /* Extensions */,
				776AE5642B6D856B00D7FCF1 /* Resourses */,
			);
			path = Movies;
			sourceTree = "<group>";
		};
		776AE5632B6D852C00D7FCF1 /* Application */ = {
			isa = PBXGroup;
			children = (
				776AE54F2B6D852200D7FCF1 /* AppDelegate.swift */,
				776AE5512B6D852200D7FCF1 /* SceneDelegate.swift */,
			);
			path = Application;
			sourceTree = "<group>";
		};
		776AE5642B6D856B00D7FCF1 /* Resourses */ = {
			isa = PBXGroup;
			children = (
				77700EC12B6D8BB900574BCD /* MoviesAnimation.json */,
				776AE5582B6D852600D7FCF1 /* Assets.xcassets */,
				776AE55A2B6D852600D7FCF1 /* LaunchScreen.storyboard */,
				776AE55D2B6D852600D7FCF1 /* Info.plist */,
			);
			path = Resourses;
			sourceTree = "<group>";
		};
		776AE5652B6D86E400D7FCF1 /* Controllers */ = {
			isa = PBXGroup;
			children = (
				776AE5662B6D86FD00D7FCF1 /* AnimationVC.swift */,
				7722B75C2B6D9803006F4CB0 /* NavigationTabBarController.swift */,
				77515D112B6DC11A00447E3C /* FavoritesVC.swift */,
				77515D132B6DC1F000447E3C /* NavigationBarController.swift */,
				77DF48162B6E5864003B93F8 /* ListVC.swift */,
				7735493F2B6EC13700EBA1C2 /* MovieDetailsVC.swift */,
				7711FC582B710CF300C70E8A /* FavoriteMovieDetailsVC.swift */,
			);
			path = Controllers;
			sourceTree = "<group>";
		};
		77700EBE2B6D8B8000574BCD /* Helpers */ = {
			isa = PBXGroup;
			children = (
				77515D0D2B6DBB5F00447E3C /* D.swift */,
				77700EBF2B6D8B8F00574BCD /* VCChanger.swift */,
				7722B75E2B6D989A006F4CB0 /* Tabs.swift */,
				773549382B6E763F00EBA1C2 /* NetList.swift */,
				770DEDD72B700E1C00935E90 /* Haptic.swift */,
			);
			path = Helpers;
			sourceTree = "<group>";
		};
		77DCA8AF2B6FCB44004E3C50 /* Details */ = {
			isa = PBXGroup;
			children = (
				77DCA8AD2B6FA5F0004E3C50 /* DetailsHeaderView.swift */,
				77DCA8B22B6FCB96004E3C50 /* DetailsTVC.swift */,
			);
			path = Details;
			sourceTree = "<group>";
		};
		77DF48082B6DCDB2003B93F8 /* Services */ = {
			isa = PBXGroup;
			children = (
				77DF48092B6DCDCC003B93F8 /* NetworkService.swift */,
				770DEDD32B7004C700935E90 /* RealmDBService.swift */,
			);
			path = Services;
			sourceTree = "<group>";
		};
		77DF480D2B6E4F32003B93F8 /* Views */ = {
			isa = PBXGroup;
			children = (
				7711FC5A2B710F7C00C70E8A /* Favorite */,
				77DCA8AF2B6FCB44004E3C50 /* Details */,
				77DF480F2B6E4F55003B93F8 /* List */,
			);
			path = Views;
			sourceTree = "<group>";
		};
		77DF480F2B6E4F55003B93F8 /* List */ = {
			isa = PBXGroup;
			children = (
				77DF48102B6E4FA5003B93F8 /* MovieCVC.swift */,
				77DF48172B6E5864003B93F8 /* ListVC.xib */,
			);
			path = List;
			sourceTree = "<group>";
		};
/* End PBXGroup section */

/* Begin PBXNativeTarget section */
		776AE54B2B6D852200D7FCF1 /* Movies */ = {
			isa = PBXNativeTarget;
			buildConfigurationList = 776AE5602B6D852600D7FCF1 /* Build configuration list for PBXNativeTarget "Movies" */;
			buildPhases = (
				776AE5482B6D852200D7FCF1 /* Sources */,
				776AE5492B6D852200D7FCF1 /* Frameworks */,
				776AE54A2B6D852200D7FCF1 /* Resources */,
			);
			buildRules = (
			);
			dependencies = (
			);
			name = Movies;
			packageProductDependencies = (
				77FE2AAB2B715D62000ECA43 /* SnapKit */,
				77FE2AAD2B715D62000ECA43 /* SnapKit-Dynamic */,
				77FE2AB02B715E4E000ECA43 /* Alamofire */,
				77FE2AB32B715F64000ECA43 /* Realm */,
				77FE2AB52B715F64000ECA43 /* RealmSwift */,
				77FE2AB82B715FA7000ECA43 /* SDWebImage */,
				77FE2ABA2B715FA7000ECA43 /* SDWebImageMapKit */,
			);
			productName = Movies;
			productReference = 776AE54C2B6D852200D7FCF1 /* Movies.app */;
			productType = "com.apple.product-type.application";
		};
/* End PBXNativeTarget section */

/* Begin PBXProject section */
		776AE5442B6D852200D7FCF1 /* Project object */ = {
			isa = PBXProject;
			attributes = {
				BuildIndependentTargetsInParallel = 1;
				LastSwiftUpdateCheck = 1430;
				LastUpgradeCheck = 1520;
				TargetAttributes = {
					776AE54B2B6D852200D7FCF1 = {
						CreatedOnToolsVersion = 14.3.1;
					};
				};
			};
			buildConfigurationList = 776AE5472B6D852200D7FCF1 /* Build configuration list for PBXProject "Movies" */;
			compatibilityVersion = "Xcode 14.0";
			developmentRegion = en;
			hasScannedForEncodings = 0;
			knownRegions = (
				en,
				Base,
			);
			mainGroup = 776AE5432B6D852200D7FCF1;
			packageReferences = (
				77FE2AAA2B715D62000ECA43 /* XCRemoteSwiftPackageReference "SnapKit" */,
				77FE2AAF2B715E4E000ECA43 /* XCRemoteSwiftPackageReference "Alamofire" */,
				77FE2AB22B715F64000ECA43 /* XCRemoteSwiftPackageReference "realm-swift" */,
				77FE2AB72B715FA7000ECA43 /* XCRemoteSwiftPackageReference "SDWebImage" */,
				77FE2ABC2B7160A2000ECA43 /* XCRemoteSwiftPackageReference "RxSwift" */,
				77FE2ABD2B7161D8000ECA43 /* XCRemoteSwiftPackageReference "RxRealm" */,
			);
			productRefGroup = 776AE54D2B6D852200D7FCF1 /* Products */;
			projectDirPath = "";
			projectRoot = "";
			targets = (
				776AE54B2B6D852200D7FCF1 /* Movies */,
			);
		};
/* End PBXProject section */

/* Begin PBXResourcesBuildPhase section */
		776AE54A2B6D852200D7FCF1 /* Resources */ = {
			isa = PBXResourcesBuildPhase;
			buildActionMask = 2147483647;
			files = (
				77DF48192B6E5864003B93F8 /* ListVC.xib in Resources */,
				776AE55C2B6D852600D7FCF1 /* LaunchScreen.storyboard in Resources */,
				776AE5592B6D852600D7FCF1 /* Assets.xcassets in Resources */,
				77700EC22B6D8BB900574BCD /* MoviesAnimation.json in Resources */,
			);
			runOnlyForDeploymentPostprocessing = 0;
		};
/* End PBXResourcesBuildPhase section */

/* Begin PBXSourcesBuildPhase section */
		776AE5482B6D852200D7FCF1 /* Sources */ = {
			isa = PBXSourcesBuildPhase;
			buildActionMask = 2147483647;
			files = (
				770DEDD82B700E1C00935E90 /* Haptic.swift in Sources */,
				77DCA8AE2B6FA5F0004E3C50 /* DetailsHeaderView.swift in Sources */,
				7711FC592B710CF300C70E8A /* FavoriteMovieDetailsVC.swift in Sources */,
				77DCA8B32B6FCB96004E3C50 /* DetailsTVC.swift in Sources */,
				77DF48182B6E5864003B93F8 /* ListVC.swift in Sources */,
				77DF480A2B6DCDCC003B93F8 /* NetworkService.swift in Sources */,
				770DEDD62B70051B00935E90 /* FavoriteViewModel.swift in Sources */,
				776AE5672B6D86FD00D7FCF1 /* AnimationVC.swift in Sources */,
				77515D142B6DC1F000447E3C /* NavigationBarController.swift in Sources */,
				770DEDD02B6FE3EE00935E90 /* String + DateExt.swift in Sources */,
				77515D0E2B6DBB5F00447E3C /* D.swift in Sources */,
				773549392B6E763F00EBA1C2 /* NetList.swift in Sources */,
				7735493B2B6E85D200EBA1C2 /* GenreModel.swift in Sources */,
				77700EC02B6D8B8F00574BCD /* VCChanger.swift in Sources */,
				7711FC5C2B710F9800C70E8A /* FavoriteDetailsTVC.swift in Sources */,
				773549372B6E75BE00EBA1C2 /* MovieModel.swift in Sources */,
				773549402B6EC13700EBA1C2 /* MovieDetailsVC.swift in Sources */,
				77DF48112B6E4FA5003B93F8 /* MovieCVC.swift in Sources */,
				776AE5502B6D852200D7FCF1 /* AppDelegate.swift in Sources */,
				770DEDD42B7004C700935E90 /* RealmDBService.swift in Sources */,
				77515D122B6DC11A00447E3C /* FavoritesVC.swift in Sources */,
				7722B75D2B6D9803006F4CB0 /* NavigationTabBarController.swift in Sources */,
				776AE5522B6D852200D7FCF1 /* SceneDelegate.swift in Sources */,
				7722B75F2B6D989A006F4CB0 /* Tabs.swift in Sources */,
				770DEDD22B6FF0BA00935E90 /* FavoriteMovieTVC.swift in Sources */,
				7735493E2B6EAD2700EBA1C2 /* MoviesListViewModel.swift in Sources */,
			);
			runOnlyForDeploymentPostprocessing = 0;
		};
/* End PBXSourcesBuildPhase section */

/* Begin PBXVariantGroup section */
		776AE55A2B6D852600D7FCF1 /* LaunchScreen.storyboard */ = {
			isa = PBXVariantGroup;
			children = (
				776AE55B2B6D852600D7FCF1 /* Base */,
			);
			name = LaunchScreen.storyboard;
			sourceTree = "<group>";
		};
/* End PBXVariantGroup section */

/* Begin XCBuildConfiguration section */
		776AE55E2B6D852600D7FCF1 /* Debug */ = {
			isa = XCBuildConfiguration;
			buildSettings = {
				ALWAYS_SEARCH_USER_PATHS = NO;
				ASSETCATALOG_COMPILER_GENERATE_SWIFT_ASSET_SYMBOL_EXTENSIONS = YES;
				CLANG_ANALYZER_NONNULL = YES;
				CLANG_ANALYZER_NUMBER_OBJECT_CONVERSION = YES_AGGRESSIVE;
				CLANG_CXX_LANGUAGE_STANDARD = "gnu++20";
				CLANG_ENABLE_MODULES = YES;
				CLANG_ENABLE_OBJC_ARC = YES;
				CLANG_ENABLE_OBJC_WEAK = YES;
				CLANG_WARN_BLOCK_CAPTURE_AUTORELEASING = YES;
				CLANG_WARN_BOOL_CONVERSION = YES;
				CLANG_WARN_COMMA = YES;
				CLANG_WARN_CONSTANT_CONVERSION = YES;
				CLANG_WARN_DEPRECATED_OBJC_IMPLEMENTATIONS = YES;
				CLANG_WARN_DIRECT_OBJC_ISA_USAGE = YES_ERROR;
				CLANG_WARN_DOCUMENTATION_COMMENTS = YES;
				CLANG_WARN_EMPTY_BODY = YES;
				CLANG_WARN_ENUM_CONVERSION = YES;
				CLANG_WARN_INFINITE_RECURSION = YES;
				CLANG_WARN_INT_CONVERSION = YES;
				CLANG_WARN_NON_LITERAL_NULL_CONVERSION = YES;
				CLANG_WARN_OBJC_IMPLICIT_RETAIN_SELF = YES;
				CLANG_WARN_OBJC_LITERAL_CONVERSION = YES;
				CLANG_WARN_OBJC_ROOT_CLASS = YES_ERROR;
				CLANG_WARN_QUOTED_INCLUDE_IN_FRAMEWORK_HEADER = YES;
				CLANG_WARN_RANGE_LOOP_ANALYSIS = YES;
				CLANG_WARN_STRICT_PROTOTYPES = YES;
				CLANG_WARN_SUSPICIOUS_MOVE = YES;
				CLANG_WARN_UNGUARDED_AVAILABILITY = YES_AGGRESSIVE;
				CLANG_WARN_UNREACHABLE_CODE = YES;
				CLANG_WARN__DUPLICATE_METHOD_MATCH = YES;
				COPY_PHASE_STRIP = NO;
				DEBUG_INFORMATION_FORMAT = dwarf;
				ENABLE_STRICT_OBJC_MSGSEND = YES;
				ENABLE_TESTABILITY = YES;
				ENABLE_USER_SCRIPT_SANDBOXING = NO;
				GCC_C_LANGUAGE_STANDARD = gnu11;
				GCC_DYNAMIC_NO_PIC = NO;
				GCC_NO_COMMON_BLOCKS = YES;
				GCC_OPTIMIZATION_LEVEL = 0;
				GCC_PREPROCESSOR_DEFINITIONS = (
					"DEBUG=1",
					"$(inherited)",
				);
				GCC_WARN_64_TO_32_BIT_CONVERSION = YES;
				GCC_WARN_ABOUT_RETURN_TYPE = YES_ERROR;
				GCC_WARN_UNDECLARED_SELECTOR = YES;
				GCC_WARN_UNINITIALIZED_AUTOS = YES_AGGRESSIVE;
				GCC_WARN_UNUSED_FUNCTION = YES;
				GCC_WARN_UNUSED_VARIABLE = YES;
				IPHONEOS_DEPLOYMENT_TARGET = 16.4;
				MTL_ENABLE_DEBUG_INFO = INCLUDE_SOURCE;
				MTL_FAST_MATH = YES;
				ONLY_ACTIVE_ARCH = YES;
				SDKROOT = iphoneos;
				SWIFT_ACTIVE_COMPILATION_CONDITIONS = DEBUG;
				SWIFT_OPTIMIZATION_LEVEL = "-Onone";
			};
			name = Debug;
		};
		776AE55F2B6D852600D7FCF1 /* Release */ = {
			isa = XCBuildConfiguration;
			buildSettings = {
				ALWAYS_SEARCH_USER_PATHS = NO;
				ASSETCATALOG_COMPILER_GENERATE_SWIFT_ASSET_SYMBOL_EXTENSIONS = YES;
				CLANG_ANALYZER_NONNULL = YES;
				CLANG_ANALYZER_NUMBER_OBJECT_CONVERSION = YES_AGGRESSIVE;
				CLANG_CXX_LANGUAGE_STANDARD = "gnu++20";
				CLANG_ENABLE_MODULES = YES;
				CLANG_ENABLE_OBJC_ARC = YES;
				CLANG_ENABLE_OBJC_WEAK = YES;
				CLANG_WARN_BLOCK_CAPTURE_AUTORELEASING = YES;
				CLANG_WARN_BOOL_CONVERSION = YES;
				CLANG_WARN_COMMA = YES;
				CLANG_WARN_CONSTANT_CONVERSION = YES;
				CLANG_WARN_DEPRECATED_OBJC_IMPLEMENTATIONS = YES;
				CLANG_WARN_DIRECT_OBJC_ISA_USAGE = YES_ERROR;
				CLANG_WARN_DOCUMENTATION_COMMENTS = YES;
				CLANG_WARN_EMPTY_BODY = YES;
				CLANG_WARN_ENUM_CONVERSION = YES;
				CLANG_WARN_INFINITE_RECURSION = YES;
				CLANG_WARN_INT_CONVERSION = YES;
				CLANG_WARN_NON_LITERAL_NULL_CONVERSION = YES;
				CLANG_WARN_OBJC_IMPLICIT_RETAIN_SELF = YES;
				CLANG_WARN_OBJC_LITERAL_CONVERSION = YES;
				CLANG_WARN_OBJC_ROOT_CLASS = YES_ERROR;
				CLANG_WARN_QUOTED_INCLUDE_IN_FRAMEWORK_HEADER = YES;
				CLANG_WARN_RANGE_LOOP_ANALYSIS = YES;
				CLANG_WARN_STRICT_PROTOTYPES = YES;
				CLANG_WARN_SUSPICIOUS_MOVE = YES;
				CLANG_WARN_UNGUARDED_AVAILABILITY = YES_AGGRESSIVE;
				CLANG_WARN_UNREACHABLE_CODE = YES;
				CLANG_WARN__DUPLICATE_METHOD_MATCH = YES;
				COPY_PHASE_STRIP = NO;
				DEBUG_INFORMATION_FORMAT = "dwarf-with-dsym";
				ENABLE_NS_ASSERTIONS = NO;
				ENABLE_STRICT_OBJC_MSGSEND = YES;
				ENABLE_USER_SCRIPT_SANDBOXING = NO;
				GCC_C_LANGUAGE_STANDARD = gnu11;
				GCC_NO_COMMON_BLOCKS = YES;
				GCC_WARN_64_TO_32_BIT_CONVERSION = YES;
				GCC_WARN_ABOUT_RETURN_TYPE = YES_ERROR;
				GCC_WARN_UNDECLARED_SELECTOR = YES;
				GCC_WARN_UNINITIALIZED_AUTOS = YES_AGGRESSIVE;
				GCC_WARN_UNUSED_FUNCTION = YES;
				GCC_WARN_UNUSED_VARIABLE = YES;
				IPHONEOS_DEPLOYMENT_TARGET = 16.4;
				MTL_ENABLE_DEBUG_INFO = NO;
				MTL_FAST_MATH = YES;
				SDKROOT = iphoneos;
				SWIFT_COMPILATION_MODE = wholemodule;
				SWIFT_OPTIMIZATION_LEVEL = "-O";
				VALIDATE_PRODUCT = YES;
			};
			name = Release;
		};
		776AE5612B6D852600D7FCF1 /* Debug */ = {
			isa = XCBuildConfiguration;
			buildSettings = {
				ASSETCATALOG_COMPILER_APPICON_NAME = AppIcon;
				ASSETCATALOG_COMPILER_GLOBAL_ACCENT_COLOR_NAME = AccentColor;
				CODE_SIGN_STYLE = Automatic;
				CURRENT_PROJECT_VERSION = 1;
				DEVELOPMENT_TEAM = HHTA648R26;
				GENERATE_INFOPLIST_FILE = YES;
				INFOPLIST_FILE = Movies/Resourses/Info.plist;
				INFOPLIST_KEY_LSApplicationCategoryType = "public.app-category.video";
				INFOPLIST_KEY_UIApplicationSupportsIndirectInputEvents = YES;
				INFOPLIST_KEY_UILaunchStoryboardName = LaunchScreen;
				INFOPLIST_KEY_UIMainStoryboardFile = "";
				INFOPLIST_KEY_UISupportedInterfaceOrientations = UIInterfaceOrientationPortrait;
				IPHONEOS_DEPLOYMENT_TARGET = 15.0;
				LD_RUNPATH_SEARCH_PATHS = (
					"$(inherited)",
					"@executable_path/Frameworks",
				);
				MARKETING_VERSION = 1.0;
				PRODUCT_BUNDLE_IDENTIFIER = meeel.Movies;
				PRODUCT_NAME = "$(TARGET_NAME)";
				SUPPORTED_PLATFORMS = "iphoneos iphonesimulator";
				SUPPORTS_MACCATALYST = NO;
				SUPPORTS_MAC_DESIGNED_FOR_IPHONE_IPAD = NO;
				SUPPORTS_XR_DESIGNED_FOR_IPHONE_IPAD = NO;
				SWIFT_EMIT_LOC_STRINGS = YES;
				SWIFT_VERSION = 5.0;
				TARGETED_DEVICE_FAMILY = "1,2";
			};
			name = Debug;
		};
		776AE5622B6D852600D7FCF1 /* Release */ = {
			isa = XCBuildConfiguration;
			buildSettings = {
				ASSETCATALOG_COMPILER_APPICON_NAME = AppIcon;
				ASSETCATALOG_COMPILER_GLOBAL_ACCENT_COLOR_NAME = AccentColor;
				CODE_SIGN_STYLE = Automatic;
				CURRENT_PROJECT_VERSION = 1;
				DEVELOPMENT_TEAM = HHTA648R26;
				GENERATE_INFOPLIST_FILE = YES;
				INFOPLIST_FILE = Movies/Resourses/Info.plist;
				INFOPLIST_KEY_LSApplicationCategoryType = "public.app-category.video";
				INFOPLIST_KEY_UIApplicationSupportsIndirectInputEvents = YES;
				INFOPLIST_KEY_UILaunchStoryboardName = LaunchScreen;
				INFOPLIST_KEY_UIMainStoryboardFile = "";
				INFOPLIST_KEY_UISupportedInterfaceOrientations = UIInterfaceOrientationPortrait;
				IPHONEOS_DEPLOYMENT_TARGET = 15.0;
				LD_RUNPATH_SEARCH_PATHS = (
					"$(inherited)",
					"@executable_path/Frameworks",
				);
				MARKETING_VERSION = 1.0;
				PRODUCT_BUNDLE_IDENTIFIER = meeel.Movies;
				PRODUCT_NAME = "$(TARGET_NAME)";
				SUPPORTED_PLATFORMS = "iphoneos iphonesimulator";
				SUPPORTS_MACCATALYST = NO;
				SUPPORTS_MAC_DESIGNED_FOR_IPHONE_IPAD = NO;
				SUPPORTS_XR_DESIGNED_FOR_IPHONE_IPAD = NO;
				SWIFT_EMIT_LOC_STRINGS = YES;
				SWIFT_VERSION = 5.0;
				TARGETED_DEVICE_FAMILY = "1,2";
			};
			name = Release;
		};
/* End XCBuildConfiguration section */

/* Begin XCConfigurationList section */
		776AE5472B6D852200D7FCF1 /* Build configuration list for PBXProject "Movies" */ = {
			isa = XCConfigurationList;
			buildConfigurations = (
				776AE55E2B6D852600D7FCF1 /* Debug */,
				776AE55F2B6D852600D7FCF1 /* Release */,
			);
			defaultConfigurationIsVisible = 0;
			defaultConfigurationName = Release;
		};
		776AE5602B6D852600D7FCF1 /* Build configuration list for PBXNativeTarget "Movies" */ = {
			isa = XCConfigurationList;
			buildConfigurations = (
				776AE5612B6D852600D7FCF1 /* Debug */,
				776AE5622B6D852600D7FCF1 /* Release */,
			);
			defaultConfigurationIsVisible = 0;
			defaultConfigurationName = Release;
		};
/* End XCConfigurationList section */

/* Begin XCRemoteSwiftPackageReference section */
		77FE2AAA2B715D62000ECA43 /* XCRemoteSwiftPackageReference "SnapKit" */ = {
			isa = XCRemoteSwiftPackageReference;
			repositoryURL = "https://github.com/SnapKit/SnapKit.git";
			requirement = {
				kind = upToNextMajorVersion;
				minimumVersion = 5.7.0;
			};
		};
		77FE2AAF2B715E4E000ECA43 /* XCRemoteSwiftPackageReference "Alamofire" */ = {
			isa = XCRemoteSwiftPackageReference;
			repositoryURL = "https://github.com/Alamofire/Alamofire.git";
			requirement = {
				kind = upToNextMajorVersion;
				minimumVersion = 5.8.1;
			};
		};
		77FE2AB22B715F64000ECA43 /* XCRemoteSwiftPackageReference "realm-swift" */ = {
			isa = XCRemoteSwiftPackageReference;
			repositoryURL = "https://github.com/realm/realm-swift.git";
			requirement = {
				branch = master;
				kind = branch;
			};
		};
		77FE2AB72B715FA7000ECA43 /* XCRemoteSwiftPackageReference "SDWebImage" */ = {
			isa = XCRemoteSwiftPackageReference;
			repositoryURL = "https://github.com/SDWebImage/SDWebImage.git";
			requirement = {
				kind = upToNextMajorVersion;
				minimumVersion = 5.18.10;
			};
		};
		77FE2ABC2B7160A2000ECA43 /* XCRemoteSwiftPackageReference "RxSwift" */ = {
			isa = XCRemoteSwiftPackageReference;
			repositoryURL = "https://github.com/ReactiveX/RxSwift.git";
			requirement = {
				kind = upToNextMajorVersion;
				minimumVersion = 6.6.0;
			};
		};
		77FE2ABD2B7161D8000ECA43 /* XCRemoteSwiftPackageReference "RxRealm" */ = {
			isa = XCRemoteSwiftPackageReference;
			repositoryURL = "https://github.com/RxSwiftCommunity/RxRealm.git";
			requirement = {
				kind = upToNextMajorVersion;
				minimumVersion = 4.0.0;
			};
		};
/* End XCRemoteSwiftPackageReference section */

/* Begin XCSwiftPackageProductDependency section */
		77FE2AAB2B715D62000ECA43 /* SnapKit */ = {
			isa = XCSwiftPackageProductDependency;
			package = 77FE2AAA2B715D62000ECA43 /* XCRemoteSwiftPackageReference "SnapKit" */;
			productName = SnapKit;
		};
		77FE2AAD2B715D62000ECA43 /* SnapKit-Dynamic */ = {
			isa = XCSwiftPackageProductDependency;
			package = 77FE2AAA2B715D62000ECA43 /* XCRemoteSwiftPackageReference "SnapKit" */;
			productName = "SnapKit-Dynamic";
		};
		77FE2AB02B715E4E000ECA43 /* Alamofire */ = {
			isa = XCSwiftPackageProductDependency;
			package = 77FE2AAF2B715E4E000ECA43 /* XCRemoteSwiftPackageReference "Alamofire" */;
			productName = Alamofire;
		};
		77FE2AB32B715F64000ECA43 /* Realm */ = {
			isa = XCSwiftPackageProductDependency;
			package = 77FE2AB22B715F64000ECA43 /* XCRemoteSwiftPackageReference "realm-swift" */;
			productName = Realm;
		};
		77FE2AB52B715F64000ECA43 /* RealmSwift */ = {
			isa = XCSwiftPackageProductDependency;
			package = 77FE2AB22B715F64000ECA43 /* XCRemoteSwiftPackageReference "realm-swift" */;
			productName = RealmSwift;
		};
		77FE2AB82B715FA7000ECA43 /* SDWebImage */ = {
			isa = XCSwiftPackageProductDependency;
			package = 77FE2AB72B715FA7000ECA43 /* XCRemoteSwiftPackageReference "SDWebImage" */;
			productName = SDWebImage;
		};
		77FE2ABA2B715FA7000ECA43 /* SDWebImageMapKit */ = {
			isa = XCSwiftPackageProductDependency;
			package = 77FE2AB72B715FA7000ECA43 /* XCRemoteSwiftPackageReference "SDWebImage" */;
			productName = SDWebImageMapKit;
		};
/* End XCSwiftPackageProductDependency section */
	};
	rootObject = 776AE5442B6D852200D7FCF1 /* Project object */;
}
